// !$*UTF8*$!
{
	archiveVersion = 1;
	classes = {
	};
	objectVersion = 46;
	objects = {

/* Begin PBXBuildFile section */
		3415954E1F69DDD2009EADC1 /* HangmonkeyGameStateViewControllerTests.swift in Sources */ = {isa = PBXBuildFile; fileRef = 3415954D1F69DDD2009EADC1 /* HangmonkeyGameStateViewControllerTests.swift */; };
		341595501F69E263009EADC1 /* HangmonkeyGameViewControllerTests.swift in Sources */ = {isa = PBXBuildFile; fileRef = 3415954F1F69E263009EADC1 /* HangmonkeyGameViewControllerTests.swift */; };
		34161A4F1E9A96E2007964E7 /* AppDelegate.swift in Sources */ = {isa = PBXBuildFile; fileRef = 34161A4E1E9A96E2007964E7 /* AppDelegate.swift */; };
		34161A511E9A96E2007964E7 /* GameStateViewController.swift in Sources */ = {isa = PBXBuildFile; fileRef = 34161A501E9A96E2007964E7 /* GameStateViewController.swift */; };
		34161A541E9A96E2007964E7 /* Main.storyboard in Resources */ = {isa = PBXBuildFile; fileRef = 34161A521E9A96E2007964E7 /* Main.storyboard */; };
		34161A561E9A96E2007964E7 /* Assets.xcassets in Resources */ = {isa = PBXBuildFile; fileRef = 34161A551E9A96E2007964E7 /* Assets.xcassets */; };
		34161A591E9A96E2007964E7 /* LaunchScreen.storyboard in Resources */ = {isa = PBXBuildFile; fileRef = 34161A571E9A96E2007964E7 /* LaunchScreen.storyboard */; };
		34161A611E9AE22E007964E7 /* GameViewController.swift in Sources */ = {isa = PBXBuildFile; fileRef = 34161A601E9AE22E007964E7 /* GameViewController.swift */; };
		34161A671E9AE40C007964E7 /* GameModel.swift in Sources */ = {isa = PBXBuildFile; fileRef = 34161A661E9AE40C007964E7 /* GameModel.swift */; };
		34161A6B1E9AF617007964E7 /* ExtensionGameViewController.swift in Sources */ = {isa = PBXBuildFile; fileRef = 34161A6A1E9AF617007964E7 /* ExtensionGameViewController.swift */; };
		3422E9781F686DB000520A5B /* TextSpacing.swift in Sources */ = {isa = PBXBuildFile; fileRef = 3422E9771F686DB000520A5B /* TextSpacing.swift */; };
		34407B071E9D58E3006A34FF /* HangmonkeyModelTests.swift in Sources */ = {isa = PBXBuildFile; fileRef = 34407B061E9D58E2006A34FF /* HangmonkeyModelTests.swift */; };
		34A2002A1F6C393300BF4266 /* HangmonkeyUITests.swift in Sources */ = {isa = PBXBuildFile; fileRef = 34A200291F6C393300BF4266 /* HangmonkeyUITests.swift */; };
		34B07DC21F6AFF5800BD5B34 /* HangmonkeyTextFieldDelegate.swift in Sources */ = {isa = PBXBuildFile; fileRef = 34B07DC11F6AFF5800BD5B34 /* HangmonkeyTextFieldDelegate.swift */; };
		34B07DC41F6B250300BD5B34 /* AnimationManager.swift in Sources */ = {isa = PBXBuildFile; fileRef = 34B07DC31F6B250300BD5B34 /* AnimationManager.swift */; };
/* End PBXBuildFile section */

/* Begin PBXContainerItemProxy section */
		34407B011E9D58BB006A34FF /* PBXContainerItemProxy */ = {
			isa = PBXContainerItemProxy;
			containerPortal = 34161A431E9A96E1007964E7 /* Project object */;
			proxyType = 1;
			remoteGlobalIDString = 34161A4A1E9A96E2007964E7;
			remoteInfo = Hangmonkey;
		};
		34A2002C1F6C393300BF4266 /* PBXContainerItemProxy */ = {
			isa = PBXContainerItemProxy;
			containerPortal = 34161A431E9A96E1007964E7 /* Project object */;
			proxyType = 1;
			remoteGlobalIDString = 34161A4A1E9A96E2007964E7;
			remoteInfo = Hangmonkey;
		};
/* End PBXContainerItemProxy section */

/* Begin PBXFileReference section */
		3415954D1F69DDD2009EADC1 /* HangmonkeyGameStateViewControllerTests.swift */ = {isa = PBXFileReference; lastKnownFileType = sourcecode.swift; path = HangmonkeyGameStateViewControllerTests.swift; sourceTree = "<group>"; };
		3415954F1F69E263009EADC1 /* HangmonkeyGameViewControllerTests.swift */ = {isa = PBXFileReference; lastKnownFileType = sourcecode.swift; path = HangmonkeyGameViewControllerTests.swift; sourceTree = "<group>"; };
		34161A4B1E9A96E2007964E7 /* Hangmonkey.app */ = {isa = PBXFileReference; explicitFileType = wrapper.application; includeInIndex = 0; path = Hangmonkey.app; sourceTree = BUILT_PRODUCTS_DIR; };
		34161A4E1E9A96E2007964E7 /* AppDelegate.swift */ = {isa = PBXFileReference; lastKnownFileType = sourcecode.swift; path = AppDelegate.swift; sourceTree = "<group>"; };
		34161A501E9A96E2007964E7 /* GameStateViewController.swift */ = {isa = PBXFileReference; lastKnownFileType = sourcecode.swift; path = GameStateViewController.swift; sourceTree = "<group>"; };
		34161A531E9A96E2007964E7 /* Base */ = {isa = PBXFileReference; lastKnownFileType = file.storyboard; name = Base; path = Base.lproj/Main.storyboard; sourceTree = "<group>"; };
		34161A551E9A96E2007964E7 /* Assets.xcassets */ = {isa = PBXFileReference; lastKnownFileType = folder.assetcatalog; path = Assets.xcassets; sourceTree = "<group>"; };
		34161A581E9A96E2007964E7 /* Base */ = {isa = PBXFileReference; lastKnownFileType = file.storyboard; name = Base; path = Base.lproj/LaunchScreen.storyboard; sourceTree = "<group>"; };
		34161A5A1E9A96E2007964E7 /* Info.plist */ = {isa = PBXFileReference; lastKnownFileType = text.plist.xml; path = Info.plist; sourceTree = "<group>"; };
		34161A601E9AE22E007964E7 /* GameViewController.swift */ = {isa = PBXFileReference; fileEncoding = 4; lastKnownFileType = sourcecode.swift; path = GameViewController.swift; sourceTree = "<group>"; };
		34161A661E9AE40C007964E7 /* GameModel.swift */ = {isa = PBXFileReference; fileEncoding = 4; lastKnownFileType = sourcecode.swift; path = GameModel.swift; sourceTree = "<group>"; };
		34161A6A1E9AF617007964E7 /* ExtensionGameViewController.swift */ = {isa = PBXFileReference; fileEncoding = 4; lastKnownFileType = sourcecode.swift; path = ExtensionGameViewController.swift; sourceTree = "<group>"; };
		3422E9771F686DB000520A5B /* TextSpacing.swift */ = {isa = PBXFileReference; lastKnownFileType = sourcecode.swift; path = TextSpacing.swift; sourceTree = "<group>"; };
		34407AFC1E9D58B8006A34FF /* HangmonkeyTests.xctest */ = {isa = PBXFileReference; explicitFileType = wrapper.cfbundle; includeInIndex = 0; path = HangmonkeyTests.xctest; sourceTree = BUILT_PRODUCTS_DIR; };
		34407B001E9D58BB006A34FF /* Info.plist */ = {isa = PBXFileReference; lastKnownFileType = text.plist.xml; path = Info.plist; sourceTree = "<group>"; };
		34407B061E9D58E2006A34FF /* HangmonkeyModelTests.swift */ = {isa = PBXFileReference; fileEncoding = 4; lastKnownFileType = sourcecode.swift; path = HangmonkeyModelTests.swift; sourceTree = "<group>"; };
		34A200271F6C393300BF4266 /* HangmonkeyUITests.xctest */ = {isa = PBXFileReference; explicitFileType = wrapper.cfbundle; includeInIndex = 0; path = HangmonkeyUITests.xctest; sourceTree = BUILT_PRODUCTS_DIR; };
		34A200291F6C393300BF4266 /* HangmonkeyUITests.swift */ = {isa = PBXFileReference; lastKnownFileType = sourcecode.swift; path = HangmonkeyUITests.swift; sourceTree = "<group>"; };
		34A2002B1F6C393300BF4266 /* Info.plist */ = {isa = PBXFileReference; lastKnownFileType = text.plist.xml; path = Info.plist; sourceTree = "<group>"; };
		34B07DC11F6AFF5800BD5B34 /* HangmonkeyTextFieldDelegate.swift */ = {isa = PBXFileReference; lastKnownFileType = sourcecode.swift; path = HangmonkeyTextFieldDelegate.swift; sourceTree = "<group>"; };
		34B07DC31F6B250300BD5B34 /* AnimationManager.swift */ = {isa = PBXFileReference; lastKnownFileType = sourcecode.swift; path = AnimationManager.swift; sourceTree = "<group>"; };
/* End PBXFileReference section */

/* Begin PBXFrameworksBuildPhase section */
		34161A481E9A96E2007964E7 /* Frameworks */ = {
			isa = PBXFrameworksBuildPhase;
			buildActionMask = 2147483647;
			files = (
			);
			runOnlyForDeploymentPostprocessing = 0;
		};
		34407AF91E9D58B8006A34FF /* Frameworks */ = {
			isa = PBXFrameworksBuildPhase;
			buildActionMask = 2147483647;
			files = (
			);
			runOnlyForDeploymentPostprocessing = 0;
		};
		34A200241F6C393300BF4266 /* Frameworks */ = {
			isa = PBXFrameworksBuildPhase;
			buildActionMask = 2147483647;
			files = (
			);
			runOnlyForDeploymentPostprocessing = 0;
		};
/* End PBXFrameworksBuildPhase section */

/* Begin PBXGroup section */
		34161A421E9A96E1007964E7 = {
			isa = PBXGroup;
			children = (
				34161A4D1E9A96E2007964E7 /* Hangmonkey */,
				34407AFD1E9D58BA006A34FF /* HangmonkeyTests */,
				34A200281F6C393300BF4266 /* HangmonkeyUITests */,
				34161A4C1E9A96E2007964E7 /* Products */,
			);
			sourceTree = "<group>";
		};
		34161A4C1E9A96E2007964E7 /* Products */ = {
			isa = PBXGroup;
			children = (
				34161A4B1E9A96E2007964E7 /* Hangmonkey.app */,
				34407AFC1E9D58B8006A34FF /* HangmonkeyTests.xctest */,
				34A200271F6C393300BF4266 /* HangmonkeyUITests.xctest */,
			);
			name = Products;
			sourceTree = "<group>";
		};
		34161A4D1E9A96E2007964E7 /* Hangmonkey */ = {
			isa = PBXGroup;
			children = (
				34161A4E1E9A96E2007964E7 /* AppDelegate.swift */,
				3422E9731F68673A00520A5B /* Model */,
				3422E9721F68672C00520A5B /* Controller */,
				3422E9741F68674000520A5B /* View */,
				3422E9761F68677000520A5B /* Assets */,
				34161A5A1E9A96E2007964E7 /* Info.plist */,
				34B07DC31F6B250300BD5B34 /* AnimationManager.swift */,
			);
			path = Hangmonkey;
			sourceTree = "<group>";
		};
		3422E9721F68672C00520A5B /* Controller */ = {
			isa = PBXGroup;
			children = (
				34161A501E9A96E2007964E7 /* GameStateViewController.swift */,
				34161A601E9AE22E007964E7 /* GameViewController.swift */,
				34161A6A1E9AF617007964E7 /* ExtensionGameViewController.swift */,
			);
			path = Controller;
			sourceTree = "<group>";
		};
		3422E9731F68673A00520A5B /* Model */ = {
			isa = PBXGroup;
			children = (
				34161A661E9AE40C007964E7 /* GameModel.swift */,
			);
			path = Model;
			sourceTree = "<group>";
		};
		3422E9741F68674000520A5B /* View */ = {
			isa = PBXGroup;
			children = (
				3422E9771F686DB000520A5B /* TextSpacing.swift */,
				34B07DC11F6AFF5800BD5B34 /* HangmonkeyTextFieldDelegate.swift */,
			);
			path = View;
			sourceTree = "<group>";
		};
		3422E9761F68677000520A5B /* Assets */ = {
			isa = PBXGroup;
			children = (
				34161A521E9A96E2007964E7 /* Main.storyboard */,
				34161A551E9A96E2007964E7 /* Assets.xcassets */,
				34161A571E9A96E2007964E7 /* LaunchScreen.storyboard */,
			);
			path = Assets;
			sourceTree = "<group>";
		};
		34407AFD1E9D58BA006A34FF /* HangmonkeyTests */ = {
			isa = PBXGroup;
			children = (
				34407B001E9D58BB006A34FF /* Info.plist */,
				34407B061E9D58E2006A34FF /* HangmonkeyModelTests.swift */,
				3415954D1F69DDD2009EADC1 /* HangmonkeyGameStateViewControllerTests.swift */,
				3415954F1F69E263009EADC1 /* HangmonkeyGameViewControllerTests.swift */,
			);
			path = HangmonkeyTests;
			sourceTree = "<group>";
		};
		34A200281F6C393300BF4266 /* HangmonkeyUITests */ = {
			isa = PBXGroup;
			children = (
				34A200291F6C393300BF4266 /* HangmonkeyUITests.swift */,
				34A2002B1F6C393300BF4266 /* Info.plist */,
			);
			path = HangmonkeyUITests;
			sourceTree = "<group>";
		};
/* End PBXGroup section */

/* Begin PBXNativeTarget section */
		34161A4A1E9A96E2007964E7 /* Hangmonkey */ = {
			isa = PBXNativeTarget;
			buildConfigurationList = 34161A5D1E9A96E2007964E7 /* Build configuration list for PBXNativeTarget "Hangmonkey" */;
			buildPhases = (
				34161A471E9A96E2007964E7 /* Sources */,
				34161A481E9A96E2007964E7 /* Frameworks */,
				34161A491E9A96E2007964E7 /* Resources */,
			);
			buildRules = (
			);
			dependencies = (
			);
			name = Hangmonkey;
			productName = Hangmonkey;
			productReference = 34161A4B1E9A96E2007964E7 /* Hangmonkey.app */;
			productType = "com.apple.product-type.application";
		};
		34407AFB1E9D58B8006A34FF /* HangmonkeyTests */ = {
			isa = PBXNativeTarget;
			buildConfigurationList = 34407B051E9D58BD006A34FF /* Build configuration list for PBXNativeTarget "HangmonkeyTests" */;
			buildPhases = (
				34407AF81E9D58B8006A34FF /* Sources */,
				34407AF91E9D58B8006A34FF /* Frameworks */,
				34407AFA1E9D58B8006A34FF /* Resources */,
			);
			buildRules = (
			);
			dependencies = (
				34407B021E9D58BB006A34FF /* PBXTargetDependency */,
			);
			name = HangmonkeyTests;
			productName = HangmonkeyTests;
			productReference = 34407AFC1E9D58B8006A34FF /* HangmonkeyTests.xctest */;
			productType = "com.apple.product-type.bundle.unit-test";
		};
		34A200261F6C393300BF4266 /* HangmonkeyUITests */ = {
			isa = PBXNativeTarget;
			buildConfigurationList = 34A200301F6C393300BF4266 /* Build configuration list for PBXNativeTarget "HangmonkeyUITests" */;
			buildPhases = (
				34A200231F6C393300BF4266 /* Sources */,
				34A200241F6C393300BF4266 /* Frameworks */,
				34A200251F6C393300BF4266 /* Resources */,
			);
			buildRules = (
			);
			dependencies = (
				34A2002D1F6C393300BF4266 /* PBXTargetDependency */,
			);
			name = HangmonkeyUITests;
			productName = HangmonkeyUITests;
			productReference = 34A200271F6C393300BF4266 /* HangmonkeyUITests.xctest */;
			productType = "com.apple.product-type.bundle.ui-testing";
		};
/* End PBXNativeTarget section */

/* Begin PBXProject section */
		34161A431E9A96E1007964E7 /* Project object */ = {
			isa = PBXProject;
			attributes = {
				LastSwiftUpdateCheck = 0900;
				LastUpgradeCheck = 0900;
				ORGANIZATIONNAME = GhostBirdGames;
				TargetAttributes = {
					34161A4A1E9A96E2007964E7 = {
						CreatedOnToolsVersion = 8.3;
						DevelopmentTeam = B875NM54ML;
						LastSwiftMigration = 0900;
						ProvisioningStyle = Automatic;
					};
					34407AFB1E9D58B8006A34FF = {
						CreatedOnToolsVersion = 8.3;
						DevelopmentTeam = B875NM54ML;
						LastSwiftMigration = 0900;
						ProvisioningStyle = Automatic;
						TestTargetID = 34161A4A1E9A96E2007964E7;
					};
					34A200261F6C393300BF4266 = {
						CreatedOnToolsVersion = 9.0;
						DevelopmentTeam = B875NM54ML;
						ProvisioningStyle = Automatic;
						TestTargetID = 34161A4A1E9A96E2007964E7;
					};
				};
			};
			buildConfigurationList = 34161A461E9A96E1007964E7 /* Build configuration list for PBXProject "Hangmonkey" */;
			compatibilityVersion = "Xcode 3.2";
			developmentRegion = English;
			hasScannedForEncodings = 0;
			knownRegions = (
				en,
				Base,
			);
			mainGroup = 34161A421E9A96E1007964E7;
			productRefGroup = 34161A4C1E9A96E2007964E7 /* Products */;
			projectDirPath = "";
			projectRoot = "";
			targets = (
				34161A4A1E9A96E2007964E7 /* Hangmonkey */,
				34407AFB1E9D58B8006A34FF /* HangmonkeyTests */,
				34A200261F6C393300BF4266 /* HangmonkeyUITests */,
			);
		};
/* End PBXProject section */

/* Begin PBXResourcesBuildPhase section */
		34161A491E9A96E2007964E7 /* Resources */ = {
			isa = PBXResourcesBuildPhase;
			buildActionMask = 2147483647;
			files = (
				34161A591E9A96E2007964E7 /* LaunchScreen.storyboard in Resources */,
				34161A561E9A96E2007964E7 /* Assets.xcassets in Resources */,
				34161A541E9A96E2007964E7 /* Main.storyboard in Resources */,
			);
			runOnlyForDeploymentPostprocessing = 0;
		};
		34407AFA1E9D58B8006A34FF /* Resources */ = {
			isa = PBXResourcesBuildPhase;
			buildActionMask = 2147483647;
			files = (
			);
			runOnlyForDeploymentPostprocessing = 0;
		};
		34A200251F6C393300BF4266 /* Resources */ = {
			isa = PBXResourcesBuildPhase;
			buildActionMask = 2147483647;
			files = (
			);
			runOnlyForDeploymentPostprocessing = 0;
		};
/* End PBXResourcesBuildPhase section */

/* Begin PBXSourcesBuildPhase section */
		34161A471E9A96E2007964E7 /* Sources */ = {
			isa = PBXSourcesBuildPhase;
			buildActionMask = 2147483647;
			files = (
				34161A671E9AE40C007964E7 /* GameModel.swift in Sources */,
				34161A6B1E9AF617007964E7 /* ExtensionGameViewController.swift in Sources */,
				3422E9781F686DB000520A5B /* TextSpacing.swift in Sources */,
				34B07DC21F6AFF5800BD5B34 /* HangmonkeyTextFieldDelegate.swift in Sources */,
				34B07DC41F6B250300BD5B34 /* AnimationManager.swift in Sources */,
				34161A511E9A96E2007964E7 /* GameStateViewController.swift in Sources */,
				34161A611E9AE22E007964E7 /* GameViewController.swift in Sources */,
				34161A4F1E9A96E2007964E7 /* AppDelegate.swift in Sources */,
			);
			runOnlyForDeploymentPostprocessing = 0;
		};
		34407AF81E9D58B8006A34FF /* Sources */ = {
			isa = PBXSourcesBuildPhase;
			buildActionMask = 2147483647;
			files = (
				34407B071E9D58E3006A34FF /* HangmonkeyModelTests.swift in Sources */,
				3415954E1F69DDD2009EADC1 /* HangmonkeyGameStateViewControllerTests.swift in Sources */,
				341595501F69E263009EADC1 /* HangmonkeyGameViewControllerTests.swift in Sources */,
			);
			runOnlyForDeploymentPostprocessing = 0;
		};
		34A200231F6C393300BF4266 /* Sources */ = {
			isa = PBXSourcesBuildPhase;
			buildActionMask = 2147483647;
			files = (
				34A2002A1F6C393300BF4266 /* HangmonkeyUITests.swift in Sources */,
			);
			runOnlyForDeploymentPostprocessing = 0;
		};
/* End PBXSourcesBuildPhase section */

/* Begin PBXTargetDependency section */
		34407B021E9D58BB006A34FF /* PBXTargetDependency */ = {
			isa = PBXTargetDependency;
			target = 34161A4A1E9A96E2007964E7 /* Hangmonkey */;
			targetProxy = 34407B011E9D58BB006A34FF /* PBXContainerItemProxy */;
		};
		34A2002D1F6C393300BF4266 /* PBXTargetDependency */ = {
			isa = PBXTargetDependency;
			target = 34161A4A1E9A96E2007964E7 /* Hangmonkey */;
			targetProxy = 34A2002C1F6C393300BF4266 /* PBXContainerItemProxy */;
		};
/* End PBXTargetDependency section */

/* Begin PBXVariantGroup section */
		34161A521E9A96E2007964E7 /* Main.storyboard */ = {
			isa = PBXVariantGroup;
			children = (
				34161A531E9A96E2007964E7 /* Base */,
			);
			name = Main.storyboard;
			sourceTree = "<group>";
		};
		34161A571E9A96E2007964E7 /* LaunchScreen.storyboard */ = {
			isa = PBXVariantGroup;
			children = (
				34161A581E9A96E2007964E7 /* Base */,
			);
			name = LaunchScreen.storyboard;
			sourceTree = "<group>";
		};
/* End PBXVariantGroup section */

/* Begin XCBuildConfiguration section */
		34161A5B1E9A96E2007964E7 /* Debug */ = {
			isa = XCBuildConfiguration;
			buildSettings = {
				ALWAYS_SEARCH_USER_PATHS = NO;
				CLANG_ANALYZER_NONNULL = YES;
				CLANG_ANALYZER_NUMBER_OBJECT_CONVERSION = YES_AGGRESSIVE;
				CLANG_CXX_LANGUAGE_STANDARD = "gnu++0x";
				CLANG_CXX_LIBRARY = "libc++";
				CLANG_ENABLE_MODULES = YES;
				CLANG_ENABLE_OBJC_ARC = YES;
				CLANG_WARN_BLOCK_CAPTURE_AUTORELEASING = YES;
				CLANG_WARN_BOOL_CONVERSION = YES;
				CLANG_WARN_COMMA = YES;
				CLANG_WARN_CONSTANT_CONVERSION = YES;
				CLANG_WARN_DIRECT_OBJC_ISA_USAGE = YES_ERROR;
				CLANG_WARN_DOCUMENTATION_COMMENTS = YES;
				CLANG_WARN_EMPTY_BODY = YES;
				CLANG_WARN_ENUM_CONVERSION = YES;
				CLANG_WARN_INFINITE_RECURSION = YES;
				CLANG_WARN_INT_CONVERSION = YES;
				CLANG_WARN_NON_LITERAL_NULL_CONVERSION = YES;
				CLANG_WARN_OBJC_LITERAL_CONVERSION = YES;
				CLANG_WARN_OBJC_ROOT_CLASS = YES_ERROR;
				CLANG_WARN_RANGE_LOOP_ANALYSIS = YES;
				CLANG_WARN_STRICT_PROTOTYPES = YES;
				CLANG_WARN_SUSPICIOUS_MOVE = YES;
				CLANG_WARN_UNREACHABLE_CODE = YES;
				CLANG_WARN__DUPLICATE_METHOD_MATCH = YES;
				"CODE_SIGN_IDENTITY[sdk=iphoneos*]" = "iPhone Developer";
				COPY_PHASE_STRIP = NO;
				DEBUG_INFORMATION_FORMAT = dwarf;
				ENABLE_STRICT_OBJC_MSGSEND = YES;
				ENABLE_TESTABILITY = YES;
				GCC_C_LANGUAGE_STANDARD = gnu99;
				GCC_DYNAMIC_NO_PIC = NO;
				GCC_NO_COMMON_BLOCKS = YES;
				GCC_OPTIMIZATION_LEVEL = 0;
				GCC_PREPROCESSOR_DEFINITIONS = (
					"DEBUG=1",
					"$(inherited)",
				);
				GCC_WARN_64_TO_32_BIT_CONVERSION = YES;
				GCC_WARN_ABOUT_RETURN_TYPE = YES_ERROR;
				GCC_WARN_UNDECLARED_SELECTOR = YES;
				GCC_WARN_UNINITIALIZED_AUTOS = YES_AGGRESSIVE;
				GCC_WARN_UNUSED_FUNCTION = YES;
				GCC_WARN_UNUSED_VARIABLE = YES;
				IPHONEOS_DEPLOYMENT_TARGET = 10.3;
				MTL_ENABLE_DEBUG_INFO = YES;
				ONLY_ACTIVE_ARCH = YES;
				SDKROOT = iphoneos;
				SWIFT_ACTIVE_COMPILATION_CONDITIONS = DEBUG;
				SWIFT_OPTIMIZATION_LEVEL = "-Onone";
				SWIFT_SWIFT3_OBJC_INFERENCE = Default;
				TARGETED_DEVICE_FAMILY = "1,2";
			};
			name = Debug;
		};
		34161A5C1E9A96E2007964E7 /* Release */ = {
			isa = XCBuildConfiguration;
			buildSettings = {
				ALWAYS_SEARCH_USER_PATHS = NO;
				CLANG_ANALYZER_NONNULL = YES;
				CLANG_ANALYZER_NUMBER_OBJECT_CONVERSION = YES_AGGRESSIVE;
				CLANG_CXX_LANGUAGE_STANDARD = "gnu++0x";
				CLANG_CXX_LIBRARY = "libc++";
				CLANG_ENABLE_MODULES = YES;
				CLANG_ENABLE_OBJC_ARC = YES;
				CLANG_WARN_BLOCK_CAPTURE_AUTORELEASING = YES;
				CLANG_WARN_BOOL_CONVERSION = YES;
				CLANG_WARN_COMMA = YES;
				CLANG_WARN_CONSTANT_CONVERSION = YES;
				CLANG_WARN_DIRECT_OBJC_ISA_USAGE = YES_ERROR;
				CLANG_WARN_DOCUMENTATION_COMMENTS = YES;
				CLANG_WARN_EMPTY_BODY = YES;
				CLANG_WARN_ENUM_CONVERSION = YES;
				CLANG_WARN_INFINITE_RECURSION = YES;
				CLANG_WARN_INT_CONVERSION = YES;
				CLANG_WARN_NON_LITERAL_NULL_CONVERSION = YES;
				CLANG_WARN_OBJC_LITERAL_CONVERSION = YES;
				CLANG_WARN_OBJC_ROOT_CLASS = YES_ERROR;
				CLANG_WARN_RANGE_LOOP_ANALYSIS = YES;
				CLANG_WARN_STRICT_PROTOTYPES = YES;
				CLANG_WARN_SUSPICIOUS_MOVE = YES;
				CLANG_WARN_UNREACHABLE_CODE = YES;
				CLANG_WARN__DUPLICATE_METHOD_MATCH = YES;
				"CODE_SIGN_IDENTITY[sdk=iphoneos*]" = "iPhone Developer";
				COPY_PHASE_STRIP = NO;
				DEBUG_INFORMATION_FORMAT = "dwarf-with-dsym";
				ENABLE_NS_ASSERTIONS = NO;
				ENABLE_STRICT_OBJC_MSGSEND = YES;
				GCC_C_LANGUAGE_STANDARD = gnu99;
				GCC_NO_COMMON_BLOCKS = YES;
				GCC_WARN_64_TO_32_BIT_CONVERSION = YES;
				GCC_WARN_ABOUT_RETURN_TYPE = YES_ERROR;
				GCC_WARN_UNDECLARED_SELECTOR = YES;
				GCC_WARN_UNINITIALIZED_AUTOS = YES_AGGRESSIVE;
				GCC_WARN_UNUSED_FUNCTION = YES;
				GCC_WARN_UNUSED_VARIABLE = YES;
				IPHONEOS_DEPLOYMENT_TARGET = 10.3;
				MTL_ENABLE_DEBUG_INFO = NO;
				SDKROOT = iphoneos;
				SWIFT_OPTIMIZATION_LEVEL = "-Owholemodule";
				SWIFT_SWIFT3_OBJC_INFERENCE = Default;
				TARGETED_DEVICE_FAMILY = "1,2";
				VALIDATE_PRODUCT = YES;
			};
			name = Release;
		};
		34161A5E1E9A96E2007964E7 /* Debug */ = {
			isa = XCBuildConfiguration;
			buildSettings = {
				ASSETCATALOG_COMPILER_APPICON_NAME = AppIcon;
				DEVELOPMENT_TEAM = B875NM54ML;
				INFOPLIST_FILE = Hangmonkey/Info.plist;
				LD_RUNPATH_SEARCH_PATHS = "$(inherited) @executable_path/Frameworks";
				PRODUCT_BUNDLE_IDENTIFIER = com.ghostbirdgames.Hangmonkey;
				PRODUCT_NAME = "$(TARGET_NAME)";
				SWIFT_SWIFT3_OBJC_INFERENCE = Off;
				SWIFT_VERSION = 4.0;
			};
			name = Debug;
		};
		34161A5F1E9A96E2007964E7 /* Release */ = {
			isa = XCBuildConfiguration;
			buildSettings = {
				ASSETCATALOG_COMPILER_APPICON_NAME = AppIcon;
				DEVELOPMENT_TEAM = B875NM54ML;
				INFOPLIST_FILE = Hangmonkey/Info.plist;
				LD_RUNPATH_SEARCH_PATHS = "$(inherited) @executable_path/Frameworks";
				PRODUCT_BUNDLE_IDENTIFIER = com.ghostbirdgames.Hangmonkey;
				PRODUCT_NAME = "$(TARGET_NAME)";
				SWIFT_SWIFT3_OBJC_INFERENCE = Off;
				SWIFT_VERSION = 4.0;
			};
			name = Release;
		};
		34407B031E9D58BD006A34FF /* Debug */ = {
			isa = XCBuildConfiguration;
			buildSettings = {
				BUNDLE_LOADER = "$(TEST_HOST)";
				DEVELOPMENT_TEAM = B875NM54ML;
				INFOPLIST_FILE = HangmonkeyTests/Info.plist;
				LD_RUNPATH_SEARCH_PATHS = "$(inherited) @executable_path/Frameworks @loader_path/Frameworks";
				PRODUCT_BUNDLE_IDENTIFIER = com.ghostbirdgames.HangmonkeyTests;
				PRODUCT_NAME = "$(TARGET_NAME)";
				SWIFT_SWIFT3_OBJC_INFERENCE = Off;
				SWIFT_VERSION = 4.0;
				TEST_HOST = "$(BUILT_PRODUCTS_DIR)/Hangmonkey.app/Hangmonkey";
			};
			name = Debug;
		};
		34407B041E9D58BD006A34FF /* Release */ = {
			isa = XCBuildConfiguration;
			buildSettings = {
				BUNDLE_LOADER = "$(TEST_HOST)";
				DEVELOPMENT_TEAM = B875NM54ML;
				INFOPLIST_FILE = HangmonkeyTests/Info.plist;
				LD_RUNPATH_SEARCH_PATHS = "$(inherited) @executable_path/Frameworks @loader_path/Frameworks";
				PRODUCT_BUNDLE_IDENTIFIER = com.ghostbirdgames.HangmonkeyTests;
				PRODUCT_NAME = "$(TARGET_NAME)";
				SWIFT_SWIFT3_OBJC_INFERENCE = Off;
				SWIFT_VERSION = 4.0;
				TEST_HOST = "$(BUILT_PRODUCTS_DIR)/Hangmonkey.app/Hangmonkey";
			};
			name = Release;
		};
		34A2002E1F6C393300BF4266 /* Debug */ = {
			isa = XCBuildConfiguration;
			buildSettings = {
				CLANG_CXX_LANGUAGE_STANDARD = "gnu++14";
				CLANG_WARN_UNGUARDED_AVAILABILITY = YES_AGGRESSIVE;
				CODE_SIGN_IDENTITY = "iPhone Developer";
				CODE_SIGN_STYLE = Automatic;
				DEVELOPMENT_TEAM = B875NM54ML;
				GCC_C_LANGUAGE_STANDARD = gnu11;
				INFOPLIST_FILE = HangmonkeyUITests/Info.plist;
				IPHONEOS_DEPLOYMENT_TARGET = 11.0;
				LD_RUNPATH_SEARCH_PATHS = "$(inherited) @executable_path/Frameworks @loader_path/Frameworks";
				PRODUCT_BUNDLE_IDENTIFIER = com.virginiaPennekamp.HangmonkeyUITests;
				PRODUCT_NAME = "$(TARGET_NAME)";
				SWIFT_VERSION = 4.0;
				TARGETED_DEVICE_FAMILY = "1,2";
				TEST_TARGET_NAME = Hangmonkey;
			};
			name = Debug;
		};
		34A2002F1F6C393300BF4266 /* Release */ = {
			isa = XCBuildConfiguration;
			buildSettings = {
				CLANG_CXX_LANGUAGE_STANDARD = "gnu++14";
				CLANG_WARN_UNGUARDED_AVAILABILITY = YES_AGGRESSIVE;
				CODE_SIGN_IDENTITY = "iPhone Developer";
				CODE_SIGN_STYLE = Automatic;
				DEVELOPMENT_TEAM = B875NM54ML;
				GCC_C_LANGUAGE_STANDARD = gnu11;
				INFOPLIST_FILE = HangmonkeyUITests/Info.plist;
				IPHONEOS_DEPLOYMENT_TARGET = 11.0;
				LD_RUNPATH_SEARCH_PATHS = "$(inherited) @executable_path/Frameworks @loader_path/Frameworks";
				PRODUCT_BUNDLE_IDENTIFIER = com.virginiaPennekamp.HangmonkeyUITests;
				PRODUCT_NAME = "$(TARGET_NAME)";
				SWIFT_VERSION = 4.0;
				TARGETED_DEVICE_FAMILY = "1,2";
				TEST_TARGET_NAME = Hangmonkey;
			};
			name = Release;
		};
/* End XCBuildConfiguration section */

/* Begin XCConfigurationList section */
		34161A461E9A96E1007964E7 /* Build configuration list for PBXProject "Hangmonkey" */ = {
			isa = XCConfigurationList;
			buildConfigurations = (
				34161A5B1E9A96E2007964E7 /* Debug */,
				34161A5C1E9A96E2007964E7 /* Release */,
			);
			defaultConfigurationIsVisible = 0;
			defaultConfigurationName = Release;
		};
		34161A5D1E9A96E2007964E7 /* Build configuration list for PBXNativeTarget "Hangmonkey" */ = {
			isa = XCConfigurationList;
			buildConfigurations = (
				34161A5E1E9A96E2007964E7 /* Debug */,
				34161A5F1E9A96E2007964E7 /* Release */,
			);
			defaultConfigurationIsVisible = 0;
			defaultConfigurationName = Release;
		};
		34407B051E9D58BD006A34FF /* Build configuration list for PBXNativeTarget "HangmonkeyTests" */ = {
			isa = XCConfigurationList;
			buildConfigurations = (
				34407B031E9D58BD006A34FF /* Debug */,
				34407B041E9D58BD006A34FF /* Release */,
			);
			defaultConfigurationIsVisible = 0;
			defaultConfigurationName = Release;
		};
		34A200301F6C393300BF4266 /* Build configuration list for PBXNativeTarget "HangmonkeyUITests" */ = {
			isa = XCConfigurationList;
			buildConfigurations = (
				34A2002E1F6C393300BF4266 /* Debug */,
				34A2002F1F6C393300BF4266 /* Release */,
			);
			defaultConfigurationIsVisible = 0;
			defaultConfigurationName = Release;
		};
/* End XCConfigurationList section */
	};
	rootObject = 34161A431E9A96E1007964E7 /* Project object */;
}
